
Microsoft Visual Studio Solution File, Format Version 12.00
# Visual Studio Version 17
VisualStudioVersion = 17.3.32804.467
MinimumVisualStudioVersion = 10.0.40219.1
Project("{9A19103F-16F7-4668-BE54-9A1E7A4F7556}") = "WebShop.App", "WebShop\WebShop.App.csproj", "{D0CB3852-0B6A-4B8C-98F4-6DF7982DD5FE}"
EndProject
Project("{9A19103F-16F7-4668-BE54-9A1E7A4F7556}") = "WebShop.Core", "WebShop.Core\WebShop.Core.csproj", "{22E02B76-80DF-411A-B770-40B7E931AC27}"
EndProject
Project("{9A19103F-16F7-4668-BE54-9A1E7A4F7556}") = "WebShop.Services", "WebShop.Services\WebShop.Services.csproj", "{4A8D1571-EDCB-43BF-BD51-A8B136B3809E}"
EndProject
Project("{FAE04EC0-301F-11D3-BF4B-00C04F79EFBC}") = "WebShop.Testing", "WebShop.Testing\WebShop.Testing.csproj", "{497E4BCD-BFC2-4DA9-B3A0-028124124EF8}"
EndProject
Global
	GlobalSection(SolutionConfigurationPlatforms) = preSolution
		Debug|Any CPU = Debug|Any CPU
		Release|Any CPU = Release|Any CPU
	EndGlobalSection
	GlobalSection(ProjectConfigurationPlatforms) = postSolution
		{D0CB3852-0B6A-4B8C-98F4-6DF7982DD5FE}.Debug|Any CPU.ActiveCfg = Debug|Any CPU
		{D0CB3852-0B6A-4B8C-98F4-6DF7982DD5FE}.Debug|Any CPU.Build.0 = Debug|Any CPU
		{D0CB3852-0B6A-4B8C-98F4-6DF7982DD5FE}.Release|Any CPU.ActiveCfg = Release|Any CPU
		{D0CB3852-0B6A-4B8C-98F4-6DF7982DD5FE}.Release|Any CPU.Build.0 = Release|Any CPU
		{22E02B76-80DF-411A-B770-40B7E931AC27}.Debug|Any CPU.ActiveCfg = Debug|Any CPU
		{22E02B76-80DF-411A-B770-40B7E931AC27}.Debug|Any CPU.Build.0 = Debug|Any CPU
		{22E02B76-80DF-411A-B770-40B7E931AC27}.Release|Any CPU.ActiveCfg = Release|Any CPU
		{22E02B76-80DF-411A-B770-40B7E931AC27}.Release|Any CPU.Build.0 = Release|Any CPU
		{4A8D1571-EDCB-43BF-BD51-A8B136B3809E}.Debug|Any CPU.ActiveCfg = Debug|Any CPU
		{4A8D1571-EDCB-43BF-BD51-A8B136B3809E}.Debug|Any CPU.Build.0 = Debug|Any CPU
		{4A8D1571-EDCB-43BF-BD51-A8B136B3809E}.Release|Any CPU.ActiveCfg = Release|Any CPU
		{4A8D1571-EDCB-43BF-BD51-A8B136B3809E}.Release|Any CPU.Build.0 = Release|Any CPU
		{497E4BCD-BFC2-4DA9-B3A0-028124124EF8}.Debug|Any CPU.ActiveCfg = Debug|Any CPU
		{497E4BCD-BFC2-4DA9-B3A0-028124124EF8}.Debug|Any CPU.Build.0 = Debug|Any CPU
		{497E4BCD-BFC2-4DA9-B3A0-028124124EF8}.Release|Any CPU.ActiveCfg = Release|Any CPU
		{497E4BCD-BFC2-4DA9-B3A0-028124124EF8}.Release|Any CPU.Build.0 = Release|Any CPU
	EndGlobalSection
	GlobalSection(SolutionProperties) = preSolution
		HideSolutionNode = FALSE
	EndGlobalSection
	GlobalSection(ExtensibilityGlobals) = postSolution
		SolutionGuid = {69EB43DE-15B1-48E9-9F7F-16942E035AF6}
	EndGlobalSection
EndGlobal
